{
  "nodes": {
    "nixpkgs": {
      "locked": {
        "lastModified": 1730616424,
        "narHash": "sha256-5FMuorBuIyxxa+bIPPKSlqOuV0ISUQfzBjyujqOQjvg=",
        "owner": "nixos",
        "repo": "nixpkgs",
        "rev": "ec5881151cfe27e080d7a3e8f25672d83c0a1f44",
        "type": "github"
      },
      "original": {
        "owner": "nixos",
        "ref": "ec5881151cfe27e080d7a3e8f25672d83c0a1f44",
        "repo": "nixpkgs",
        "type": "github"
      }
    },
    "root": {
      "inputs": {
        "nixpkgs": "nixpkgs"
      }
    }
  },
  "root": "root",
  "version": 7
}
